{
  "requires": true,
  "lockfileVersion": 1,
  "dependencies": {
    "cordova-plugin-headercolor": {
      "version": "git+https://github.com/tomloprod/cordova-plugin-headercolor.git#0dd0af0b552ba31bb56dd427c96f3434842ff9ec",
      "from": "git+https://github.com/tomloprod/cordova-plugin-headercolor.git"
    }
  }
}
